
Microsoft Visual Studio Solution File, Format Version 12.00
# Visual Studio Version 17
VisualStudioVersion = 17.6.33815.320
MinimumVisualStudioVersion = 10.0.40219.1
Project("{2150E333-8FDC-42A3-9474-1A3956D46DE8}") = "01-dll", "01-dll", "{44FDC4D4-45A3-44F6-AEB6-34743FE843F3}"
EndProject
Project("{9A19103F-16F7-4668-BE54-9A1E7A4F7556}") = "Common", "dll\Common.csproj", "{1E91D695-74DD-4C81-8520-1962D355EC0C}"
EndProject
Global
	GlobalSection(SolutionConfigurationPlatforms) = preSolution
		Debug|Any CPU = Debug|Any CPU
		Release|Any CPU = Release|Any CPU
	EndGlobalSection
	GlobalSection(ProjectConfigurationPlatforms) = postSolution
		{1E91D695-74DD-4C81-8520-1962D355EC0C}.Debug|Any CPU.ActiveCfg = Debug|Any CPU
		{1E91D695-74DD-4C81-8520-1962D355EC0C}.Debug|Any CPU.Build.0 = Debug|Any CPU
		{1E91D695-74DD-4C81-8520-1962D355EC0C}.Release|Any CPU.ActiveCfg = Release|Any CPU
		{1E91D695-74DD-4C81-8520-1962D355EC0C}.Release|Any CPU.Build.0 = Release|Any CPU
	EndGlobalSection
	GlobalSection(SolutionProperties) = preSolution
		HideSolutionNode = FALSE
	EndGlobalSection
	GlobalSection(NestedProjects) = preSolution
		{1E91D695-74DD-4C81-8520-1962D355EC0C} = {44FDC4D4-45A3-44F6-AEB6-34743FE843F3}
	EndGlobalSection
	GlobalSection(ExtensibilityGlobals) = postSolution
		SolutionGuid = {783D052A-C6CC-4FF8-8146-C0ED6B893C63}
	EndGlobalSection
EndGlobal
